
Microsoft Visual Studio Solution File, Format Version 12.00
# Visual Studio Version 16
VisualStudioVersion = 16.0.31702.278
MinimumVisualStudioVersion = 10.0.40219.1
Project("{FAE04EC0-301F-11D3-BF4B-00C04F79EFBC}") = "Elematec.EntExtManage_RFIDSystem_Common", "Elematec.EntExtManage_RFIDSystem_Common\Elematec.EntExtManage_RFIDSystem_Common.csproj", "{4CA870FC-8EDC-4346-92A0-4F0B6ADCA9D1}"
EndProject
Project("{FAE04EC0-301F-11D3-BF4B-00C04F79EFBC}") = "Elematec.EntExtManage_RFIDSystem_Importer", "Elematec.EntExtManage_RFIDSystem_Importer\Elematec.EntExtManage_RFIDSystem_Importer.csproj", "{102AEC7A-87FF-4575-A63B-4C07EC1A84F5}"
EndProject
Project("{FAE04EC0-301F-11D3-BF4B-00C04F79EFBC}") = "Elematec.EntExtManage_RFIDSystem", "Elematec.EntExtManage_RFIDSystem\Elematec.EntExtManage_RFIDSystem.csproj", "{98DB46E4-1E0F-46A1-8A19-0719102EFD1E}"
EndProject
Project("{2150E333-8FDC-42A3-9474-1A3956D46DE8}") = "SQLScript", "SQLScript", "{EAFCFF1C-6B08-447B-A142-F53203B69B8F}"
	ProjectSection(SolutionItems) = preProject
		SQLScript\dbo.ELE10PROCESS.StoredProcedure.sql = SQLScript\dbo.ELE10PROCESS.StoredProcedure.sql
		SQLScript\dbo.ELE11PROCESS.StoredProcedure.sql = SQLScript\dbo.ELE11PROCESS.StoredProcedure.sql
		SQLScript\dbo.ELE20PROCESS.StoredProcedure.sql = SQLScript\dbo.ELE20PROCESS.StoredProcedure.sql
		SQLScript\dbo.ELE21PROCESS.StoredProcedure.sql = SQLScript\dbo.ELE21PROCESS.StoredProcedure.sql
		SQLScript\dbo.ELE90PROCESS.StoredProcedure.sql = SQLScript\dbo.ELE90PROCESS.StoredProcedure.sql
	EndProjectSection
EndProject
Global
	GlobalSection(SolutionConfigurationPlatforms) = preSolution
		Debug|Any CPU = Debug|Any CPU
		Release|Any CPU = Release|Any CPU
	EndGlobalSection
	GlobalSection(ProjectConfigurationPlatforms) = postSolution
		{4CA870FC-8EDC-4346-92A0-4F0B6ADCA9D1}.Debug|Any CPU.ActiveCfg = Debug|Any CPU
		{4CA870FC-8EDC-4346-92A0-4F0B6ADCA9D1}.Debug|Any CPU.Build.0 = Debug|Any CPU
		{4CA870FC-8EDC-4346-92A0-4F0B6ADCA9D1}.Release|Any CPU.ActiveCfg = Release|Any CPU
		{4CA870FC-8EDC-4346-92A0-4F0B6ADCA9D1}.Release|Any CPU.Build.0 = Release|Any CPU
		{102AEC7A-87FF-4575-A63B-4C07EC1A84F5}.Debug|Any CPU.ActiveCfg = Debug|Any CPU
		{102AEC7A-87FF-4575-A63B-4C07EC1A84F5}.Debug|Any CPU.Build.0 = Debug|Any CPU
		{102AEC7A-87FF-4575-A63B-4C07EC1A84F5}.Release|Any CPU.ActiveCfg = Release|Any CPU
		{102AEC7A-87FF-4575-A63B-4C07EC1A84F5}.Release|Any CPU.Build.0 = Release|Any CPU
		{98DB46E4-1E0F-46A1-8A19-0719102EFD1E}.Debug|Any CPU.ActiveCfg = Debug|Any CPU
		{98DB46E4-1E0F-46A1-8A19-0719102EFD1E}.Debug|Any CPU.Build.0 = Debug|Any CPU
		{98DB46E4-1E0F-46A1-8A19-0719102EFD1E}.Release|Any CPU.ActiveCfg = Release|Any CPU
		{98DB46E4-1E0F-46A1-8A19-0719102EFD1E}.Release|Any CPU.Build.0 = Release|Any CPU
	EndGlobalSection
	GlobalSection(SolutionProperties) = preSolution
		HideSolutionNode = FALSE
	EndGlobalSection
	GlobalSection(ExtensibilityGlobals) = postSolution
		SolutionGuid = {C9D72D81-CB7E-4AC4-8EDD-2B6DF81619B5}
	EndGlobalSection
EndGlobal
